
Microsoft Visual Studio Solution File, Format Version 12.00
# Visual Studio 14
VisualStudioVersion = 14.0.23107.0
MinimumVisualStudioVersion = 10.0.40219.1
Project("{8BC9CEB8-8B4A-11D0-8D11-00A0C91BC942}") = "Newton_Interpolation", "Newton_Interpolation\Newton_Interpolation.vcxproj", "{14A11888-EAF3-4266-B7D1-FA5CC9A4C675}"
EndProject
Global
	GlobalSection(SolutionConfigurationPlatforms) = preSolution
		Debug|x64 = Debug|x64
		Debug|x86 = Debug|x86
		Release|x64 = Release|x64
		Release|x86 = Release|x86
	EndGlobalSection
	GlobalSection(ProjectConfigurationPlatforms) = postSolution
		{14A11888-EAF3-4266-B7D1-FA5CC9A4C675}.Debug|x64.ActiveCfg = Debug|x64
		{14A11888-EAF3-4266-B7D1-FA5CC9A4C675}.Debug|x64.Build.0 = Debug|x64
		{14A11888-EAF3-4266-B7D1-FA5CC9A4C675}.Debug|x86.ActiveCfg = Debug|Win32
		{14A11888-EAF3-4266-B7D1-FA5CC9A4C675}.Debug|x86.Build.0 = Debug|Win32
		{14A11888-EAF3-4266-B7D1-FA5CC9A4C675}.Release|x64.ActiveCfg = Release|x64
		{14A11888-EAF3-4266-B7D1-FA5CC9A4C675}.Release|x64.Build.0 = Release|x64
		{14A11888-EAF3-4266-B7D1-FA5CC9A4C675}.Release|x86.ActiveCfg = Release|Win32
		{14A11888-EAF3-4266-B7D1-FA5CC9A4C675}.Release|x86.Build.0 = Release|Win32
	EndGlobalSection
	GlobalSection(SolutionProperties) = preSolution
		HideSolutionNode = FALSE
	EndGlobalSection
EndGlobal
